
Microsoft Visual Studio Solution File, Format Version 12.00
Project("{FAE04EC0-301F-11D3-BF4B-00C04F79EFBC}") = "Pessoas", "Pessoas\Pessoas.csproj", "{3A1A5C40-0DFD-4B4D-AF4A-21021A4C3780}"
EndProject
Global
	GlobalSection(SolutionConfigurationPlatforms) = preSolution
		Debug|Any CPU = Debug|Any CPU
		Release|Any CPU = Release|Any CPU
	EndGlobalSection
	GlobalSection(ProjectConfigurationPlatforms) = postSolution
		{3A1A5C40-0DFD-4B4D-AF4A-21021A4C3780}.Debug|Any CPU.ActiveCfg = Debug|Any CPU
		{3A1A5C40-0DFD-4B4D-AF4A-21021A4C3780}.Debug|Any CPU.Build.0 = Debug|Any CPU
		{3A1A5C40-0DFD-4B4D-AF4A-21021A4C3780}.Release|Any CPU.ActiveCfg = Release|Any CPU
		{3A1A5C40-0DFD-4B4D-AF4A-21021A4C3780}.Release|Any CPU.Build.0 = Release|Any CPU
	EndGlobalSection
EndGlobal
